
Microsoft Visual Studio Solution File, Format Version 12.00
# Visual Studio Version 17
VisualStudioVersion = 17.11.35219.272
MinimumVisualStudioVersion = 10.0.40219.1
Project("{9A19103F-16F7-4668-BE54-9A1E7A4F7556}") = "Lab01", "Lab01\Lab01.csproj", "{6DAAACD3-56E4-420D-888E-47901936F068}"
EndProject
Project("{9A19103F-16F7-4668-BE54-9A1E7A4F7556}") = "Lab04", "Lab04\Lab04.csproj", "{22DB44F5-F334-412B-B070-83088AA992F1}"
EndProject
Project("{9A19103F-16F7-4668-BE54-9A1E7A4F7556}") = "Lab05", "Lab05\Lab05.csproj", "{31A0105C-E1C4-437D-8E95-2128A8CCD072}"
EndProject
Project("{9A19103F-16F7-4668-BE54-9A1E7A4F7556}") = "Lab08", "Lab06\Lab08.csproj", "{5944D2A7-53CC-4EA8-BCFE-9A474B3417F5}"
EndProject
Project("{9A19103F-16F7-4668-BE54-9A1E7A4F7556}") = "Lab09", "Lab09\Lab09.csproj", "{CE2A174A-0779-4D7B-B2DE-E8E73AF728B4}"
EndProject
Project("{9A19103F-16F7-4668-BE54-9A1E7A4F7556}") = "Lab10", "Lab10\Lab10.csproj", "{7E3B184B-0011-41E2-A971-F0F6F57D8DBC}"
EndProject
Project("{9A19103F-16F7-4668-BE54-9A1E7A4F7556}") = "Lab11", "Lab11\Lab11.csproj", "{69AE0705-CB3D-4445-A4A7-429E4B2FB04B}"
EndProject
Project("{9A19103F-16F7-4668-BE54-9A1E7A4F7556}") = "Lab12", "Lab12\Lab12.csproj", "{F06A701B-EBAB-4313-B621-5A7A2A3A6E94}"
EndProject
Project("{9A19103F-16F7-4668-BE54-9A1E7A4F7556}") = "Lab13", "Lab13\Lab13.csproj", "{429C1111-47E4-4BCE-A32E-EA67CAA10713}"
EndProject
Project("{9A19103F-16F7-4668-BE54-9A1E7A4F7556}") = "Lab14", "Lab14\Lab14.csproj", "{9642A39B-1CEE-43CC-98BC-B0BE17A4A411}"
EndProject
Project("{9A19103F-16F7-4668-BE54-9A1E7A4F7556}") = "Lab15", "Lab15\Lab15.csproj", "{89D9C7CB-87AF-448B-AE6F-A8AC2A92DFB5}"
EndProject
Project("{9A19103F-16F7-4668-BE54-9A1E7A4F7556}") = "Lab16", "Lab16\Lab16.csproj", "{DEC55695-145C-46A2-B695-25B493954784}"
EndProject
Project("{9A19103F-16F7-4668-BE54-9A1E7A4F7556}") = "Lab17", "Lab17\Lab17.csproj", "{E7607F4C-9494-4662-B5B1-132698CEDC0E}"
EndProject
Project("{FAE04EC0-301F-11D3-BF4B-00C04F79EFBC}") = "Lab18", "Lab18\Lab18.csproj", "{DF640742-14F4-4578-988D-1EC08924063D}"
EndProject
Project("{FAE04EC0-301F-11D3-BF4B-00C04F79EFBC}") = "Lab19", "Lab19\Lab19.csproj", "{50F1B1C9-2527-4C28-8FC0-D0C1DE9BB4E8}"
EndProject
Global
	GlobalSection(SolutionConfigurationPlatforms) = preSolution
		Debug|Any CPU = Debug|Any CPU
		Release|Any CPU = Release|Any CPU
	EndGlobalSection
	GlobalSection(ProjectConfigurationPlatforms) = postSolution
		{6DAAACD3-56E4-420D-888E-47901936F068}.Debug|Any CPU.ActiveCfg = Debug|Any CPU
		{6DAAACD3-56E4-420D-888E-47901936F068}.Debug|Any CPU.Build.0 = Debug|Any CPU
		{6DAAACD3-56E4-420D-888E-47901936F068}.Release|Any CPU.ActiveCfg = Release|Any CPU
		{6DAAACD3-56E4-420D-888E-47901936F068}.Release|Any CPU.Build.0 = Release|Any CPU
		{22DB44F5-F334-412B-B070-83088AA992F1}.Debug|Any CPU.ActiveCfg = Debug|Any CPU
		{22DB44F5-F334-412B-B070-83088AA992F1}.Debug|Any CPU.Build.0 = Debug|Any CPU
		{22DB44F5-F334-412B-B070-83088AA992F1}.Release|Any CPU.ActiveCfg = Release|Any CPU
		{22DB44F5-F334-412B-B070-83088AA992F1}.Release|Any CPU.Build.0 = Release|Any CPU
		{31A0105C-E1C4-437D-8E95-2128A8CCD072}.Debug|Any CPU.ActiveCfg = Debug|Any CPU
		{31A0105C-E1C4-437D-8E95-2128A8CCD072}.Debug|Any CPU.Build.0 = Debug|Any CPU
		{31A0105C-E1C4-437D-8E95-2128A8CCD072}.Release|Any CPU.ActiveCfg = Release|Any CPU
		{31A0105C-E1C4-437D-8E95-2128A8CCD072}.Release|Any CPU.Build.0 = Release|Any CPU
		{5944D2A7-53CC-4EA8-BCFE-9A474B3417F5}.Debug|Any CPU.ActiveCfg = Debug|Any CPU
		{5944D2A7-53CC-4EA8-BCFE-9A474B3417F5}.Debug|Any CPU.Build.0 = Debug|Any CPU
		{5944D2A7-53CC-4EA8-BCFE-9A474B3417F5}.Release|Any CPU.ActiveCfg = Release|Any CPU
		{5944D2A7-53CC-4EA8-BCFE-9A474B3417F5}.Release|Any CPU.Build.0 = Release|Any CPU
		{CE2A174A-0779-4D7B-B2DE-E8E73AF728B4}.Debug|Any CPU.ActiveCfg = Debug|Any CPU
		{CE2A174A-0779-4D7B-B2DE-E8E73AF728B4}.Debug|Any CPU.Build.0 = Debug|Any CPU
		{CE2A174A-0779-4D7B-B2DE-E8E73AF728B4}.Release|Any CPU.ActiveCfg = Release|Any CPU
		{CE2A174A-0779-4D7B-B2DE-E8E73AF728B4}.Release|Any CPU.Build.0 = Release|Any CPU
		{7E3B184B-0011-41E2-A971-F0F6F57D8DBC}.Debug|Any CPU.ActiveCfg = Debug|Any CPU
		{7E3B184B-0011-41E2-A971-F0F6F57D8DBC}.Debug|Any CPU.Build.0 = Debug|Any CPU
		{7E3B184B-0011-41E2-A971-F0F6F57D8DBC}.Release|Any CPU.ActiveCfg = Release|Any CPU
		{7E3B184B-0011-41E2-A971-F0F6F57D8DBC}.Release|Any CPU.Build.0 = Release|Any CPU
		{69AE0705-CB3D-4445-A4A7-429E4B2FB04B}.Debug|Any CPU.ActiveCfg = Debug|Any CPU
		{69AE0705-CB3D-4445-A4A7-429E4B2FB04B}.Debug|Any CPU.Build.0 = Debug|Any CPU
		{69AE0705-CB3D-4445-A4A7-429E4B2FB04B}.Release|Any CPU.ActiveCfg = Release|Any CPU
		{69AE0705-CB3D-4445-A4A7-429E4B2FB04B}.Release|Any CPU.Build.0 = Release|Any CPU
		{F06A701B-EBAB-4313-B621-5A7A2A3A6E94}.Debug|Any CPU.ActiveCfg = Debug|Any CPU
		{F06A701B-EBAB-4313-B621-5A7A2A3A6E94}.Debug|Any CPU.Build.0 = Debug|Any CPU
		{F06A701B-EBAB-4313-B621-5A7A2A3A6E94}.Release|Any CPU.ActiveCfg = Release|Any CPU
		{F06A701B-EBAB-4313-B621-5A7A2A3A6E94}.Release|Any CPU.Build.0 = Release|Any CPU
		{429C1111-47E4-4BCE-A32E-EA67CAA10713}.Debug|Any CPU.ActiveCfg = Debug|Any CPU
		{429C1111-47E4-4BCE-A32E-EA67CAA10713}.Debug|Any CPU.Build.0 = Debug|Any CPU
		{429C1111-47E4-4BCE-A32E-EA67CAA10713}.Release|Any CPU.ActiveCfg = Release|Any CPU
		{429C1111-47E4-4BCE-A32E-EA67CAA10713}.Release|Any CPU.Build.0 = Release|Any CPU
		{9642A39B-1CEE-43CC-98BC-B0BE17A4A411}.Debug|Any CPU.ActiveCfg = Debug|Any CPU
		{9642A39B-1CEE-43CC-98BC-B0BE17A4A411}.Debug|Any CPU.Build.0 = Debug|Any CPU
		{9642A39B-1CEE-43CC-98BC-B0BE17A4A411}.Release|Any CPU.ActiveCfg = Release|Any CPU
		{9642A39B-1CEE-43CC-98BC-B0BE17A4A411}.Release|Any CPU.Build.0 = Release|Any CPU
		{89D9C7CB-87AF-448B-AE6F-A8AC2A92DFB5}.Debug|Any CPU.ActiveCfg = Debug|Any CPU
		{89D9C7CB-87AF-448B-AE6F-A8AC2A92DFB5}.Debug|Any CPU.Build.0 = Debug|Any CPU
		{89D9C7CB-87AF-448B-AE6F-A8AC2A92DFB5}.Release|Any CPU.ActiveCfg = Release|Any CPU
		{89D9C7CB-87AF-448B-AE6F-A8AC2A92DFB5}.Release|Any CPU.Build.0 = Release|Any CPU
		{DEC55695-145C-46A2-B695-25B493954784}.Debug|Any CPU.ActiveCfg = Debug|Any CPU
		{DEC55695-145C-46A2-B695-25B493954784}.Debug|Any CPU.Build.0 = Debug|Any CPU
		{DEC55695-145C-46A2-B695-25B493954784}.Release|Any CPU.ActiveCfg = Release|Any CPU
		{DEC55695-145C-46A2-B695-25B493954784}.Release|Any CPU.Build.0 = Release|Any CPU
		{E7607F4C-9494-4662-B5B1-132698CEDC0E}.Debug|Any CPU.ActiveCfg = Debug|Any CPU
		{E7607F4C-9494-4662-B5B1-132698CEDC0E}.Debug|Any CPU.Build.0 = Debug|Any CPU
		{E7607F4C-9494-4662-B5B1-132698CEDC0E}.Release|Any CPU.ActiveCfg = Release|Any CPU
		{E7607F4C-9494-4662-B5B1-132698CEDC0E}.Release|Any CPU.Build.0 = Release|Any CPU
		{DF640742-14F4-4578-988D-1EC08924063D}.Debug|Any CPU.ActiveCfg = Debug|Any CPU
		{DF640742-14F4-4578-988D-1EC08924063D}.Debug|Any CPU.Build.0 = Debug|Any CPU
		{DF640742-14F4-4578-988D-1EC08924063D}.Release|Any CPU.ActiveCfg = Release|Any CPU
		{DF640742-14F4-4578-988D-1EC08924063D}.Release|Any CPU.Build.0 = Release|Any CPU
		{50F1B1C9-2527-4C28-8FC0-D0C1DE9BB4E8}.Debug|Any CPU.ActiveCfg = Debug|Any CPU
		{50F1B1C9-2527-4C28-8FC0-D0C1DE9BB4E8}.Debug|Any CPU.Build.0 = Debug|Any CPU
		{50F1B1C9-2527-4C28-8FC0-D0C1DE9BB4E8}.Release|Any CPU.ActiveCfg = Release|Any CPU
		{50F1B1C9-2527-4C28-8FC0-D0C1DE9BB4E8}.Release|Any CPU.Build.0 = Release|Any CPU
	EndGlobalSection
	GlobalSection(SolutionProperties) = preSolution
		HideSolutionNode = FALSE
	EndGlobalSection
	GlobalSection(ExtensibilityGlobals) = postSolution
		SolutionGuid = {78428A4E-1067-4BDD-8C16-CCEDB1575AFB}
	EndGlobalSection
EndGlobal
